PODS:
  - Alamofire (5.8.0)
  - Kingfisher (7.9.1)
  - lottie-ios (4.3.2)
  - Moya (15.0.0):
    - Moya/Core (= 15.0.0)
  - Moya/Core (15.0.0):
    - Alamofire (~> 5.0)
  - Realm (10.42.4):
    - Realm/Headers (= 10.42.4)
  - Realm/Headers (10.42.4)
  - RealmSwift (10.42.4):
    - Realm (= 10.42.4)
  - SnapKit (5.6.0)

DEPENDENCIES:
  - Kingfisher (~> 7.0)
  - lottie-ios
  - Moya (~> 15.0)
  - RealmSwift (~> 10)
  - SnapKit (~> 5.6.0)

SPEC REPOS:
  https://github.com/CocoaPods/Specs.git:
    - Alamofire
    - Kingfisher
    - lottie-ios
    - Moya
    - Realm
    - RealmSwift
    - SnapKit

SPEC CHECKSUMS:
  Alamofire: 0e92e751b3e9e66d7982db43919d01f313b8eb91
  Kingfisher: 1d14e9f59cbe19389f591c929000332bf70efd32
  lottie-ios: 48af491639ba6e8bb7cfaf7649b8a339487da935
  Moya: 138f0573e53411fb3dc17016add0b748dfbd78ee
  Realm: a3a10c2110744ec9510a5fc21a6051818c6181c7
  RealmSwift: d25fa6c3cbb722a698993a501206d9841d79ca32
  SnapKit: e01d52ebb8ddbc333eefe2132acf85c8227d9c25

PODFILE CHECKSUM: d72950b376949d7f2c5ba1b46c6846ef3b096b88

COCOAPODS: 1.11.3
